# Generated by pub
# See https://dart.dev/tools/pub/glossary#lockfile
packages:
  _flutterfire_internals:
    dependency: transitive
    description:
      name: _flutterfire_internals
      sha256: "2350805d7afefb0efe7acd325cb19d3ae8ba4039b906eade3807ffb69938a01f"
      url: "https://pub.dev"
    source: hosted
    version: "1.3.33"
  archive:
    dependency: transitive
    description:
      name: archive
      sha256: "781365ca8aedb3203cb99f2abed8a9e89d6aa358e8d038068acb81664e1ccdad"
      url: "https://pub.dev"
    source: hosted
    version: "3.1.8"
  async:
    dependency: transitive
    description:
      name: async
      sha256: "947bfcf187f74dbc5e146c9eb9c0f10c9f8b30743e341481c1e2ed3ecc18c20c"
      url: "https://pub.dev"
    source: hosted
    version: "2.11.0"
  boolean_selector:
    dependency: transitive
    description:
      name: boolean_selector
      sha256: "6cfb5af12253eaf2b368f07bacc5a80d1301a071c73360d746b7f2e32d762c66"
      url: "https://pub.dev"
    source: hosted
    version: "2.1.1"
  characters:
    dependency: "direct main"
    description:
      name: characters
      sha256: "04a925763edad70e8443c99234dc3328f442e811f1d8fd1a72f1c8ad0f69a605"
      url: "https://pub.dev"
    source: hosted
    version: "1.3.0"
  charcode:
    dependency: transitive
    description:
      name: charcode
      sha256: fb98c0f6d12c920a02ee2d998da788bca066ca5f148492b7085ee23372b12306
      url: "https://pub.dev"
    source: hosted
    version: "1.3.1"
  clock:
    dependency: transitive
    description:
      name: clock
      sha256: cb6d7f03e1de671e34607e909a7213e31d7752be4fb66a86d29fe1eb14bfb5cf
      url: "https://pub.dev"
    source: hosted
    version: "1.1.1"
  cloud_firestore:
    dependency: "direct main"
    description:
      name: cloud_firestore
      sha256: e461ea9ab23959102a780efcbccfe33c2ac46269928bc57093bbc0b526afc801
      url: "https://pub.dev"
    source: hosted
    version: "4.17.3"
  cloud_firestore_platform_interface:
    dependency: transitive
    description:
      name: cloud_firestore_platform_interface
      sha256: "2e0b8db9a759ffc71086019f1bd27237e5e888ab1e99c507067ff8616acdfa24"
      url: "https://pub.dev"
    source: hosted
    version: "6.2.3"
  cloud_firestore_web:
    dependency: transitive
    description:
      name: cloud_firestore_web
      sha256: "37b6974bef5b0a7ecd31037ffb7d7bfe6bb9d2ac6c064fbea395411ef0a64d55"
      url: "https://pub.dev"
    source: hosted
    version: "3.12.3"
  collection:
    dependency: transitive
    description:
      name: collection
      sha256: a1ace0a119f20aabc852d165077c036cd864315bd99b7eaa10a60100341941bf
      url: "https://pub.dev"
    source: hosted
    version: "1.19.0"
  cross_file:
    dependency: transitive
    description:
      name: cross_file
      sha256: fd832b5384d0d6da4f6df60b854d33accaaeb63aa9e10e736a87381f08dee2cb
      url: "https://pub.dev"
    source: hosted
    version: "0.3.3+5"
  crypto:
    dependency: "direct main"
    description:
      name: crypto
      sha256: ff625774173754681d66daaf4a448684fb04b78f902da9cb3d308c19cc5e8bab
      url: "https://pub.dev"
    source: hosted
    version: "3.0.3"
  device_info_plus:
    dependency: "direct main"
    description:
      name: device_info_plus
      sha256: a7fd703482b391a87d60b6061d04dfdeab07826b96f9abd8f5ed98068acc0074
      url: "https://pub.dev"
    source: hosted
    version: "10.1.2"
  device_info_plus_platform_interface:
    dependency: transitive
    description:
      name: device_info_plus_platform_interface
      sha256: "282d3cf731045a2feb66abfe61bbc40870ae50a3ed10a4d3d217556c35c8c2ba"
      url: "https://pub.dev"
    source: hosted
    version: "7.0.1"
  fake_async:
    dependency: transitive
    description:
      name: fake_async
      sha256: "511392330127add0b769b75a987850d136345d9227c6b94c96a04cf4a391bf78"
      url: "https://pub.dev"
    source: hosted
    version: "1.3.1"
  ffi:
    dependency: transitive
    description:
      name: ffi
      sha256: "7bf0adc28a23d395f19f3f1eb21dd7cfd1dd9f8e1c50051c069122e6853bc878"
      url: "https://pub.dev"
    source: hosted
    version: "2.1.0"
  file:
    dependency: transitive
    description:
      name: file
      sha256: "1b92bec4fc2a72f59a8e15af5f52cd441e4a7860b49499d69dfa817af20e925d"
      url: "https://pub.dev"
    source: hosted
    version: "6.1.4"
  firebase_analytics:
    dependency: transitive
    description:
      name: firebase_analytics
      sha256: "51afa4751e8d17d1484c193b7e9759abbae324e1b8f5cc93e2a08daac4d55928"
      url: "https://pub.dev"
    source: hosted
    version: "10.10.5"
  firebase_analytics_platform_interface:
    dependency: transitive
    description:
      name: firebase_analytics_platform_interface
      sha256: ad7f6b70304e2b81c6079a5830355edc87496527d5b104d34c3e50b5b744da83
      url: "https://pub.dev"
    source: hosted
    version: "3.10.6"
  firebase_analytics_web:
    dependency: transitive
    description:
      name: firebase_analytics_web
      sha256: "63ed03d229d1c2ec2b1be037cd4760c3516cc8ecf6598a6b2fb8ca29586bf464"
      url: "https://pub.dev"
    source: hosted
    version: "0.5.7+5"
  firebase_auth:
    dependency: "direct main"
    description:
      name: firebase_auth
      sha256: f0a75f61992d036e4c46ad0e9febd364d98aa2c092690a5475cb1421a8243cfe
      url: "https://pub.dev"
    source: hosted
    version: "4.19.5"
  firebase_auth_platform_interface:
    dependency: transitive
    description:
      name: firebase_auth_platform_interface
      sha256: feb77258404309ffc7761c78e1c0ad2ed5e4fdc378e035619e2cc13be4397b62
      url: "https://pub.dev"
    source: hosted
    version: "7.2.6"
  firebase_auth_web:
    dependency: transitive
    description:
      name: firebase_auth_web
      sha256: "6d527f357da2bf93a67a42b423aa92943104a0c290d1d72ad9a42c779d501cd2"
      url: "https://pub.dev"
    source: hosted
    version: "5.11.5"
  firebase_core:
    dependency: transitive
    description:
      name: firebase_core
      sha256: "372d94ced114b9c40cb85e18c50ac94a7e998c8eec630c50d7aec047847d27bf"
      url: "https://pub.dev"
    source: hosted
    version: "2.31.0"
  firebase_core_platform_interface:
    dependency: transitive
    description:
      name: firebase_core_platform_interface
      sha256: c437ae5d17e6b5cc7981cf6fd458a5db4d12979905f9aafd1fea930428a9fe63
      url: "https://pub.dev"
    source: hosted
    version: "5.0.0"
  firebase_core_web:
    dependency: transitive
    description:
      name: firebase_core_web
      sha256: "43d9e951ac52b87ae9cc38ecdcca1e8fa7b52a1dd26a96085ba41ce5108db8e9"
      url: "https://pub.dev"
    source: hosted
    version: "2.17.0"
  firebase_storage:
    dependency: "direct main"
    description:
      name: firebase_storage
      sha256: da76ca9c11d795c4bae1bd13b31d54bb9eb9ccbee7eb5f6b86b8294370e9d488
      url: "https://pub.dev"
    source: hosted
    version: "11.7.5"
  firebase_storage_platform_interface:
    dependency: transitive
    description:
      name: firebase_storage_platform_interface
      sha256: be17bfa9110a6429b40dd3760c755034079fd734aa1dd2476d5638ab780cc508
      url: "https://pub.dev"
    source: hosted
    version: "5.1.20"
  firebase_storage_web:
    dependency: transitive
    description:
      name: firebase_storage_web
      sha256: "5219c20c0768a8e2ffedf0a116b7bc80ab32fcc6e2cbd50cbde14f8c4575c3f4"
      url: "https://pub.dev"
    source: hosted
    version: "3.9.5"
  flutter:
    dependency: "direct main"
    description: flutter
    source: sdk
    version: "0.0.0"
  flutter_lints:
    dependency: "direct dev"
    description:
      name: flutter_lints
      sha256: "9e8c3858111da373efc5aa341de011d9bd23e2c5c5e0c62bccf32438e192d7b1"
      url: "https://pub.dev"
    source: hosted
    version: "3.0.2"
  flutter_test:
    dependency: "direct dev"
    description: flutter
    source: sdk
    version: "0.0.0"
  flutter_web_plugins:
    dependency: transitive
    description: flutter
    source: sdk
    version: "0.0.0"
  geocoding:
    dependency: "direct main"
    description:
      name: geocoding
      sha256: d580c801cba9386b4fac5047c4c785a4e19554f46be42f4f5e5b7deacd088a66
      url: "https://pub.dev"
    source: hosted
    version: "3.0.0"
  geocoding_android:
    dependency: transitive
    description:
      name: geocoding_android
      sha256: "1b13eca79b11c497c434678fed109c2be020b158cec7512c848c102bc7232603"
      url: "https://pub.dev"
    source: hosted
    version: "3.3.1"
  geocoding_ios:
    dependency: transitive
    description:
      name: geocoding_ios
      sha256: "94ddba60387501bd1c11e18dca7c5a9e8c645d6e3da9c38b9762434941870c24"
      url: "https://pub.dev"
    source: hosted
    version: "3.0.1"
  geocoding_platform_interface:
    dependency: transitive
    description:
      name: geocoding_platform_interface
      sha256: "8c2c8226e5c276594c2e18bfe88b19110ed770aeb7c1ab50ede570be8b92229b"
      url: "https://pub.dev"
    source: hosted
    version: "3.2.0"
  geolocator:
    dependency: "direct main"
    description:
      name: geolocator
      sha256: "149876cc5207a0f5daf4fdd3bfcf0a0f27258b3fe95108fa084f527ad0568f1b"
      url: "https://pub.dev"
    source: hosted
    version: "12.0.0"
  geolocator_android:
    dependency: transitive
    description:
      name: geolocator_android
      sha256: "93906636752ea4d4e778afa981fdfe7409f545b3147046300df194330044d349"
      url: "https://pub.dev"
    source: hosted
    version: "4.3.1"
  geolocator_apple:
    dependency: transitive
    description:
      name: geolocator_apple
      sha256: ab90ae811c42ec2f6021e01eca71df00dee6ff1e69d2c2dafd4daeb0b793f73d
      url: "https://pub.dev"
    source: hosted
    version: "2.3.2"
  geolocator_platform_interface:
    dependency: transitive
    description:
      name: geolocator_platform_interface
      sha256: c6005787efe9e27cb0f6b50230c217e6f0ef8e1e7a8b854efb4f46489e502603
      url: "https://pub.dev"
    source: hosted
    version: "4.2.3"
  geolocator_web:
    dependency: transitive
    description:
      name: geolocator_web
      sha256: "7a22f400d831f924a89d931ba126a10e6b8b437f31e6b9311320435f3e1571bd"
      url: "https://pub.dev"
    source: hosted
    version: "4.0.0"
  geolocator_windows:
    dependency: transitive
    description:
      name: geolocator_windows
      sha256: "53da08937d07c24b0d9952eb57a3b474e29aae2abf9dd717f7e1230995f13f0e"
      url: "https://pub.dev"
    source: hosted
    version: "0.2.3"
  http:
    dependency: "direct main"
    description:
      name: http
      sha256: "761a297c042deedc1ffbb156d6e2af13886bb305c2a343a4d972504cd67dd938"
      url: "https://pub.dev"
    source: hosted
    version: "1.2.1"
  http_parser:
    dependency: transitive
    description:
      name: http_parser
      sha256: e362d639ba3bc07d5a71faebb98cde68c05bfbcfbbb444b60b6f60bb67719185
      url: "https://pub.dev"
    source: hosted
    version: "4.0.0"
  image:
    dependency: transitive
    description:
      name: image
      sha256: "504b1c7c7cfebfb9c927234cc3d9246247e95eb25bc83d274d36bbb1e032d928"
      url: "https://pub.dev"
    source: hosted
    version: "3.1.0"
  intl:
    dependency: "direct main"
    description:
      name: intl
      sha256: d6f56758b7d3014a48af9701c085700aac781a92a87a62b1333b46d8879661cf
      url: "https://pub.dev"
    source: hosted
    version: "0.19.0"
  jiffy:
    dependency: transitive
    description:
      name: jiffy
      sha256: "3497caaa36d36a29033e66803c9739ce6bccbc7e241ca46070f76ee9e6f6eb0c"
      url: "https://pub.dev"
    source: hosted
    version: "6.3.1"
  js:
    dependency: transitive
    description:
      name: js
      sha256: "5528c2f391ededb7775ec1daa69e65a2d61276f7552de2b5f7b8d34ee9fd4ab7"
      url: "https://pub.dev"
    source: hosted
    version: "0.6.5"
  leak_tracker:
    dependency: transitive
    description:
      name: leak_tracker
      sha256: "3f87a60e8c63aecc975dda1ceedbc8f24de75f09e4856ea27daf8958f2f0ce05"
      url: "https://pub.dev"
    source: hosted
    version: "10.0.5"
  leak_tracker_flutter_testing:
    dependency: transitive
    description:
      name: leak_tracker_flutter_testing
      sha256: "932549fb305594d82d7183ecd9fa93463e9914e1b67cacc34bc40906594a1806"
      url: "https://pub.dev"
    source: hosted
    version: "3.0.5"
  leak_tracker_testing:
    dependency: transitive
    description:
      name: leak_tracker_testing
      sha256: "6ba465d5d76e67ddf503e1161d1f4a6bc42306f9d66ca1e8f079a47290fb06d3"
      url: "https://pub.dev"
    source: hosted
    version: "3.0.1"
  lints:
    dependency: transitive
    description:
      name: lints
      sha256: cbf8d4b858bb0134ef3ef87841abdf8d63bfc255c266b7bf6b39daa1085c4290
      url: "https://pub.dev"
    source: hosted
    version: "3.0.0"
  matcher:
    dependency: transitive
    description:
      name: matcher
      sha256: d2323aa2060500f906aa31a895b4030b6da3ebdcc5619d14ce1aada65cd161cb
      url: "https://pub.dev"
    source: hosted
    version: "0.12.16+1"
  material_color_utilities:
    dependency: transitive
    description:
      name: material_color_utilities
      sha256: f7142bb1154231d7ea5f96bc7bde4bda2a0945d2806bb11670e30b850d56bdec
      url: "https://pub.dev"
    source: hosted
    version: "0.11.1"
  meta:
    dependency: transitive
    description:
      name: meta
      sha256: bdb68674043280c3428e9ec998512fb681678676b3c54e773629ffe74419f8c7
      url: "https://pub.dev"
    source: hosted
    version: "1.15.0"
  mime:
    dependency: transitive
    description:
      name: mime
      sha256: e4ff8e8564c03f255408decd16e7899da1733852a9110a58fe6d1b817684a63e
      url: "https://pub.dev"
    source: hosted
    version: "1.0.4"
  palette_generator:
    dependency: "direct main"
    description:
      name: palette_generator
      sha256: eb7082b4b97487ebc65b3ad3f6f0b7489b96e76840381ed0e06a46fe7ffd4068
      url: "https://pub.dev"
    source: hosted
    version: "0.3.3+3"
  path:
    dependency: transitive
    description:
      name: path
      sha256: "087ce49c3f0dc39180befefc60fdb4acd8f8620e5682fe2476afd0b3688bb4af"
      url: "https://pub.dev"
    source: hosted
    version: "1.9.0"
  path_provider:
    dependency: "direct main"
    description:
      name: path_provider
      sha256: c9e7d3a4cd1410877472158bee69963a4579f78b68c65a2b7d40d1a7a88bb161
      url: "https://pub.dev"
    source: hosted
    version: "2.1.3"
  path_provider_android:
    dependency: transitive
    description:
      name: path_provider_android
      sha256: "6b8b19bd80da4f11ce91b2d1fb931f3006911477cec227cce23d3253d80df3f1"
      url: "https://pub.dev"
    source: hosted
    version: "2.2.0"
  path_provider_foundation:
    dependency: transitive
    description:
      name: path_provider_foundation
      sha256: f234384a3fdd67f989b4d54a5d73ca2a6c422fa55ae694381ae0f4375cd1ea16
      url: "https://pub.dev"
    source: hosted
    version: "2.4.0"
  path_provider_linux:
    dependency: transitive
    description:
      name: path_provider_linux
      sha256: f7a1fe3a634fe7734c8d3f2766ad746ae2a2884abe22e241a8b301bf5cac3279
      url: "https://pub.dev"
    source: hosted
    version: "2.2.1"
  path_provider_platform_interface:
    dependency: transitive
    description:
      name: path_provider_platform_interface
      sha256: "94b1e0dd80970c1ce43d5d4e050a9918fce4f4a775e6142424c30a29a363265c"
      url: "https://pub.dev"
    source: hosted
    version: "2.1.1"
  path_provider_windows:
    dependency: transitive
    description:
      name: path_provider_windows
      sha256: "8bc9f22eee8690981c22aa7fc602f5c85b497a6fb2ceb35ee5a5e5ed85ad8170"
      url: "https://pub.dev"
    source: hosted
    version: "2.2.1"
  petitparser:
    dependency: transitive
    description:
      name: petitparser
      sha256: "1a914995d4ef10c94ff183528c120d35ed43b5eaa8713fc6766a9be4570782e2"
      url: "https://pub.dev"
    source: hosted
    version: "4.4.0"
  platform:
    dependency: transitive
    description:
      name: platform
      sha256: ebc79f16b5f6b609aad4a5e63447d4795d16f7adee46e93ed03200848c006735
      url: "https://pub.dev"
    source: hosted
    version: "3.0.0"
  plugin_platform_interface:
    dependency: transitive
    description:
      name: plugin_platform_interface
      sha256: da3fdfeccc4d4ff2da8f8c556704c08f912542c5fb3cf2233ed75372384a034d
      url: "https://pub.dev"
    source: hosted
    version: "2.1.6"
  process:
    dependency: transitive
    description:
      name: process
      sha256: dc3c073b5bc0db4e0f3dbc6b69f8e9cf2f336dafb3db996242ebdacf94c295dd
      url: "https://pub.dev"
    source: hosted
    version: "4.2.1"
  share_plus:
    dependency: "direct main"
    description:
      name: share_plus
      sha256: ef3489a969683c4f3d0239010cc8b7a2a46543a8d139e111c06c558875083544
      url: "https://pub.dev"
    source: hosted
    version: "9.0.0"
  share_plus_platform_interface:
    dependency: transitive
    description:
      name: share_plus_platform_interface
      sha256: "0f9e4418835d1b2c3ae78fdb918251959106cefdbc4dd43526e182f80e82f6d4"
      url: "https://pub.dev"
    source: hosted
    version: "4.0.0"
  shared_preferences:
    dependency: "direct main"
    description:
      name: shared_preferences
      sha256: d3bbe5553a986e83980916ded2f0b435ef2e1893dfaa29d5a7a790d0eca12180
      url: "https://pub.dev"
    source: hosted
    version: "2.2.3"
  shared_preferences_android:
    dependency: transitive
    description:
      name: shared_preferences_android
      sha256: "8568a389334b6e83415b6aae55378e158fbc2314e074983362d20c562780fb06"
      url: "https://pub.dev"
    source: hosted
    version: "2.2.1"
  shared_preferences_foundation:
    dependency: transitive
    description:
      name: shared_preferences_foundation
      sha256: "0a8a893bf4fd1152f93fec03a415d11c27c74454d96e2318a7ac38dd18683ab7"
      url: "https://pub.dev"
    source: hosted
    version: "2.4.0"
  shared_preferences_linux:
    dependency: transitive
    description:
      name: shared_preferences_linux
      sha256: c2eb5bf57a2fe9ad6988121609e47d3e07bb3bdca5b6f8444e4cf302428a128a
      url: "https://pub.dev"
    source: hosted
    version: "2.3.1"
  shared_preferences_platform_interface:
    dependency: transitive
    description:
      name: shared_preferences_platform_interface
      sha256: d4ec5fc9ebb2f2e056c617112aa75dcf92fc2e4faaf2ae999caa297473f75d8a
      url: "https://pub.dev"
    source: hosted
    version: "2.3.1"
  shared_preferences_web:
    dependency: transitive
    description:
      name: shared_preferences_web
      sha256: d762709c2bbe80626ecc819143013cc820fa49ca5e363620ee20a8b15a3e3daf
      url: "https://pub.dev"
    source: hosted
    version: "2.2.1"
  shared_preferences_windows:
    dependency: transitive
    description:
      name: shared_preferences_windows
      sha256: f763a101313bd3be87edffe0560037500967de9c394a714cd598d945517f694f
      url: "https://pub.dev"
    source: hosted
    version: "2.3.1"
  sky_engine:
    dependency: transitive
    description: flutter
    source: sdk
    version: "0.0.99"
  source_span:
    dependency: transitive
    description:
      name: source_span
      sha256: "53e943d4206a5e30df338fd4c6e7a077e02254531b138a15aec3bd143c1a8b3c"
      url: "https://pub.dev"
    source: hosted
    version: "1.10.0"
  stack_trace:
    dependency: transitive
    description:
      name: stack_trace
      sha256: "73713990125a6d93122541237550ee3352a2d84baad52d375a4cad2eb9b7ce0b"
      url: "https://pub.dev"
    source: hosted
    version: "1.11.1"
  stream_channel:
    dependency: transitive
    description:
      name: stream_channel
      sha256: ba2aa5d8cc609d96bbb2899c28934f9e1af5cddbd60a827822ea467161eb54e7
      url: "https://pub.dev"
    source: hosted
    version: "2.1.2"
  string_scanner:
    dependency: transitive
    description:
      name: string_scanner
      sha256: "688af5ed3402a4bde5b3a6c15fd768dbf2621a614950b17f04626c431ab3c4c3"
      url: "https://pub.dev"
    source: hosted
    version: "1.3.0"
  syncfusion_flutter_core:
    dependency: transitive
    description:
      name: syncfusion_flutter_core
      sha256: ca34210d70dd7ecb77489c21c8131a7f5546dea47780cd5f510326348091cb42
      url: "https://pub.dev"
    source: hosted
    version: "26.2.10"
  syncfusion_flutter_xlsio:
    dependency: "direct main"
    description:
      name: syncfusion_flutter_xlsio
      sha256: "4adf87914cd2822a0b6de37d76c9584a181a2a1d937fa7cd478996b1669e0596"
      url: "https://pub.dev"
    source: hosted
    version: "26.2.10"
  syncfusion_officecore:
    dependency: transitive
    description:
      name: syncfusion_officecore
      sha256: "9232427c7f6badc161c89aa57645ea2cdba9209e668acdda5b4f408d03ebdea3"
      url: "https://pub.dev"
    source: hosted
    version: "26.2.10"
  term_glyph:
    dependency: transitive
    description:
      name: term_glyph
      sha256: a29248a84fbb7c79282b40b8c72a1209db169a2e0542bce341da992fe1bc7e84
      url: "https://pub.dev"
    source: hosted
    version: "1.2.1"
  test_api:
    dependency: transitive
    description:
      name: test_api
      sha256: "664d3a9a64782fcdeb83ce9c6b39e78fd2971d4e37827b9b06c3aa1edc5e760c"
      url: "https://pub.dev"
    source: hosted
    version: "0.7.3"
  typed_data:
    dependency: transitive
    description:
      name: typed_data
      sha256: "53bdf7e979cfbf3e28987552fd72f637e63f3c8724c9e56d9246942dc2fa36ee"
      url: "https://pub.dev"
    source: hosted
    version: "1.3.0"
  universal_platform:
    dependency: "direct main"
    description:
      name: universal_platform
      sha256: "64e16458a0ea9b99260ceb5467a214c1f298d647c659af1bff6d3bf82536b1ec"
      url: "https://pub.dev"
    source: hosted
    version: "1.1.0"
  url_launcher:
    dependency: "direct main"
    description:
      name: url_launcher
      sha256: "6ce1e04375be4eed30548f10a315826fd933c1e493206eab82eed01f438c8d2e"
      url: "https://pub.dev"
    source: hosted
    version: "6.2.6"
  url_launcher_android:
    dependency: transitive
    description:
      name: url_launcher_android
      sha256: "507dc655b1d9cb5ebc756032eb785f114e415f91557b73bf60b7e201dfedeb2f"
      url: "https://pub.dev"
    source: hosted
    version: "6.2.2"
  url_launcher_ios:
    dependency: transitive
    description:
      name: url_launcher_ios
      sha256: "9149d493b075ed740901f3ee844a38a00b33116c7c5c10d7fb27df8987fb51d5"
      url: "https://pub.dev"
    source: hosted
    version: "6.2.5"
  url_launcher_linux:
    dependency: transitive
    description:
      name: url_launcher_linux
      sha256: ab360eb661f8879369acac07b6bb3ff09d9471155357da8443fd5d3cf7363811
      url: "https://pub.dev"
    source: hosted
    version: "3.1.1"
  url_launcher_macos:
    dependency: transitive
    description:
      name: url_launcher_macos
      sha256: b7244901ea3cf489c5335bdacda07264a6e960b1c1b1a9f91e4bc371d9e68234
      url: "https://pub.dev"
    source: hosted
    version: "3.1.0"
  url_launcher_platform_interface:
    dependency: transitive
    description:
      name: url_launcher_platform_interface
      sha256: "4aca1e060978e19b2998ee28503f40b5ba6226819c2b5e3e4d1821e8ccd92198"
      url: "https://pub.dev"
    source: hosted
    version: "2.3.0"
  url_launcher_web:
    dependency: transitive
    description:
      name: url_launcher_web
      sha256: "8d9e750d8c9338601e709cd0885f95825086bd8b642547f26bda435aade95d8a"
      url: "https://pub.dev"
    source: hosted
    version: "2.3.1"
  url_launcher_windows:
    dependency: transitive
    description:
      name: url_launcher_windows
      sha256: ecf9725510600aa2bb6d7ddabe16357691b6d2805f66216a97d1b881e21beff7
      url: "https://pub.dev"
    source: hosted
    version: "3.1.1"
  url_strategy:
    dependency: transitive
    description:
      name: url_strategy
      sha256: "42b68b42a9864c4d710401add17ad06e28f1c1d5500c93b98c431f6b0ea4ab87"
      url: "https://pub.dev"
    source: hosted
    version: "0.2.0"
  uuid:
    dependency: transitive
    description:
      name: uuid
      sha256: "648e103079f7c64a36dc7d39369cabb358d377078a051d6ae2ad3aa539519313"
      url: "https://pub.dev"
    source: hosted
    version: "3.0.7"
  vector_math:
    dependency: transitive
    description:
      name: vector_math
      sha256: "80b3257d1492ce4d091729e3a67a60407d227c27241d6927be0130c98e741803"
      url: "https://pub.dev"
    source: hosted
    version: "2.1.4"
  vm_service:
    dependency: transitive
    description:
      name: vm_service
      sha256: "5c5f338a667b4c644744b661f309fb8080bb94b18a7e91ef1dbd343bed00ed6d"
      url: "https://pub.dev"
    source: hosted
    version: "14.2.5"
  web:
    dependency: transitive
    description:
      name: web
      sha256: "97da13628db363c635202ad97068d47c5b8aa555808e7a9411963c533b449b27"
      url: "https://pub.dev"
    source: hosted
    version: "0.5.1"
  win32:
    dependency: transitive
    description:
      name: win32
      sha256: "350a11abd2d1d97e0cc7a28a81b781c08002aa2864d9e3f192ca0ffa18b06ed3"
      url: "https://pub.dev"
    source: hosted
    version: "5.0.9"
  win32_registry:
    dependency: transitive
    description:
      name: win32_registry
      sha256: "41fd8a189940d8696b1b810efb9abcf60827b6cbfab90b0c43e8439e3a39d85a"
      url: "https://pub.dev"
    source: hosted
    version: "1.1.2"
  xapptor_router:
    dependency: "direct main"
    description:
      path: "../xapptor_router"
      relative: true
    source: path
    version: "0.0.2"
  xdg_directories:
    dependency: transitive
    description:
      name: xdg_directories
      sha256: "0186b3f2d66be9a12b0295bddcf8b6f8c0b0cc2f85c6287344e2a6366bc28457"
      url: "https://pub.dev"
    source: hosted
    version: "0.2.0"
  xml:
    dependency: transitive
    description:
      name: xml
      sha256: baa23bcba1ba4ce4b22c0c7a1d9c861e7015cb5169512676da0b85138e72840c
      url: "https://pub.dev"
    source: hosted
    version: "5.3.1"
sdks:
  dart: ">=3.4.0 <4.0.0"
  flutter: ">=3.19.0"
